<Solution>
  <Project Path="VoiceServiceDemo.csproj" />
  <Project Path="VoiceServiceDemo.Tests/VoiceServiceDemo.Tests.csproj" />
  <Project Path="VoiceServiceMcp/VoiceServiceMcp.csproj" />
  <Project Path="VoiceServiceLocalApi/VoiceServiceLocalApi.csproj" />
  <Project Path="VoiceServiceLocalApi.Tests/VoiceServiceLocalApi.Tests.csproj" />
  <Project Path="VoiceServiceShared/VoiceServiceShared.csproj" />
</Solution>
